
Microsoft Visual Studio Solution File, Format Version 12.00
# Visual Studio 15
VisualStudioVersion = 15.0.28307.757
MinimumVisualStudioVersion = 10.0.40219.1
Project("{FAE04EC0-301F-11D3-BF4B-00C04F79EFBC}") = "SqlServerOperations", "SqlServerOperations\SqlServerOperations.csproj", "{315F1D83-7537-495C-9217-3D997373DF09}"
EndProject
Project("{2150E333-8FDC-42A3-9474-1A3956D46DE8}") = "Libraries", "Libraries", "{55B83F54-1620-4C52-A5DA-38F3BD129377}"
EndProject
Project("{FAE04EC0-301F-11D3-BF4B-00C04F79EFBC}") = "SqlTableRelations", "SqlTableRelations\SqlTableRelations.csproj", "{159E1DD2-C9BD-43CF-8B58-3754CF7DD18D}"
EndProject
Project("{2150E333-8FDC-42A3-9474-1A3956D46DE8}") = "Solution Items", "Solution Items", "{BF9C84A2-D00C-4EDE-87A2-2092ECE898B8}"
	ProjectSection(SolutionItems) = preProject
		DataScript.sql = DataScript.sql
		readme.md = readme.md
	EndProjectSection
EndProject
Project("{FAE04EC0-301F-11D3-BF4B-00C04F79EFBC}") = "WindowFormsControls", "WindowFormsControls\WindowFormsControls.csproj", "{2EC148CD-7C11-4C39-891F-82B836EFE18A}"
EndProject
Project("{2150E333-8FDC-42A3-9474-1A3956D46DE8}") = "User Interfaces", "User Interfaces", "{85AACF9C-3D16-443D-99B1-DED81A6B50AB}"
EndProject
Project("{FAE04EC0-301F-11D3-BF4B-00C04F79EFBC}") = "JsonLibrary", "JsonLibrary\JsonLibrary.csproj", "{C8B5F30B-4407-475B-84B4-DFAA942BF887}"
EndProject
Project("{FAE04EC0-301F-11D3-BF4B-00C04F79EFBC}") = "LanguageExtensions", "LanguageExtensions\LanguageExtensions.csproj", "{677D140A-C1A5-4E9B-9DF3-90B11064FA21}"
EndProject
Project("{FAE04EC0-301F-11D3-BF4B-00C04F79EFBC}") = "JsonExample", "JsonExample\JsonExample.csproj", "{627DE4AA-8980-4389-B082-EEB4D9F1F8FC}"
EndProject
Project("{FAE04EC0-301F-11D3-BF4B-00C04F79EFBC}") = "BasicListViewDetailViewExample", "BasicListViewDetailViewExample\BasicListViewDetailViewExample.csproj", "{2EF9B62C-D1B2-4B80-993F-4F225B3C0254}"
EndProject
Project("{FAE04EC0-301F-11D3-BF4B-00C04F79EFBC}") = "BasicListViewGroupsExample", "BasicListViewGroupsExample\BasicListViewGroupsExample.csproj", "{4826DE1F-157F-4EFC-BE4C-01C7E231031E}"
EndProject
Global
	GlobalSection(SolutionConfigurationPlatforms) = preSolution
		Debug|Any CPU = Debug|Any CPU
		Release|Any CPU = Release|Any CPU
	EndGlobalSection
	GlobalSection(ProjectConfigurationPlatforms) = postSolution
		{315F1D83-7537-495C-9217-3D997373DF09}.Debug|Any CPU.ActiveCfg = Debug|Any CPU
		{315F1D83-7537-495C-9217-3D997373DF09}.Debug|Any CPU.Build.0 = Debug|Any CPU
		{315F1D83-7537-495C-9217-3D997373DF09}.Release|Any CPU.ActiveCfg = Release|Any CPU
		{315F1D83-7537-495C-9217-3D997373DF09}.Release|Any CPU.Build.0 = Release|Any CPU
		{159E1DD2-C9BD-43CF-8B58-3754CF7DD18D}.Debug|Any CPU.ActiveCfg = Debug|Any CPU
		{159E1DD2-C9BD-43CF-8B58-3754CF7DD18D}.Debug|Any CPU.Build.0 = Debug|Any CPU
		{159E1DD2-C9BD-43CF-8B58-3754CF7DD18D}.Release|Any CPU.ActiveCfg = Release|Any CPU
		{159E1DD2-C9BD-43CF-8B58-3754CF7DD18D}.Release|Any CPU.Build.0 = Release|Any CPU
		{2EC148CD-7C11-4C39-891F-82B836EFE18A}.Debug|Any CPU.ActiveCfg = Debug|Any CPU
		{2EC148CD-7C11-4C39-891F-82B836EFE18A}.Debug|Any CPU.Build.0 = Debug|Any CPU
		{2EC148CD-7C11-4C39-891F-82B836EFE18A}.Release|Any CPU.ActiveCfg = Release|Any CPU
		{2EC148CD-7C11-4C39-891F-82B836EFE18A}.Release|Any CPU.Build.0 = Release|Any CPU
		{C8B5F30B-4407-475B-84B4-DFAA942BF887}.Debug|Any CPU.ActiveCfg = Debug|Any CPU
		{C8B5F30B-4407-475B-84B4-DFAA942BF887}.Debug|Any CPU.Build.0 = Debug|Any CPU
		{C8B5F30B-4407-475B-84B4-DFAA942BF887}.Release|Any CPU.ActiveCfg = Release|Any CPU
		{C8B5F30B-4407-475B-84B4-DFAA942BF887}.Release|Any CPU.Build.0 = Release|Any CPU
		{677D140A-C1A5-4E9B-9DF3-90B11064FA21}.Debug|Any CPU.ActiveCfg = Debug|Any CPU
		{677D140A-C1A5-4E9B-9DF3-90B11064FA21}.Debug|Any CPU.Build.0 = Debug|Any CPU
		{677D140A-C1A5-4E9B-9DF3-90B11064FA21}.Release|Any CPU.ActiveCfg = Release|Any CPU
		{677D140A-C1A5-4E9B-9DF3-90B11064FA21}.Release|Any CPU.Build.0 = Release|Any CPU
		{627DE4AA-8980-4389-B082-EEB4D9F1F8FC}.Debug|Any CPU.ActiveCfg = Debug|Any CPU
		{627DE4AA-8980-4389-B082-EEB4D9F1F8FC}.Debug|Any CPU.Build.0 = Debug|Any CPU
		{627DE4AA-8980-4389-B082-EEB4D9F1F8FC}.Release|Any CPU.ActiveCfg = Release|Any CPU
		{627DE4AA-8980-4389-B082-EEB4D9F1F8FC}.Release|Any CPU.Build.0 = Release|Any CPU
		{2EF9B62C-D1B2-4B80-993F-4F225B3C0254}.Debug|Any CPU.ActiveCfg = Debug|Any CPU
		{2EF9B62C-D1B2-4B80-993F-4F225B3C0254}.Debug|Any CPU.Build.0 = Debug|Any CPU
		{2EF9B62C-D1B2-4B80-993F-4F225B3C0254}.Release|Any CPU.ActiveCfg = Release|Any CPU
		{2EF9B62C-D1B2-4B80-993F-4F225B3C0254}.Release|Any CPU.Build.0 = Release|Any CPU
		{4826DE1F-157F-4EFC-BE4C-01C7E231031E}.Debug|Any CPU.ActiveCfg = Debug|Any CPU
		{4826DE1F-157F-4EFC-BE4C-01C7E231031E}.Debug|Any CPU.Build.0 = Debug|Any CPU
		{4826DE1F-157F-4EFC-BE4C-01C7E231031E}.Release|Any CPU.ActiveCfg = Release|Any CPU
		{4826DE1F-157F-4EFC-BE4C-01C7E231031E}.Release|Any CPU.Build.0 = Release|Any CPU
	EndGlobalSection
	GlobalSection(SolutionProperties) = preSolution
		HideSolutionNode = FALSE
	EndGlobalSection
	GlobalSection(NestedProjects) = preSolution
		{315F1D83-7537-495C-9217-3D997373DF09} = {55B83F54-1620-4C52-A5DA-38F3BD129377}
		{159E1DD2-C9BD-43CF-8B58-3754CF7DD18D} = {85AACF9C-3D16-443D-99B1-DED81A6B50AB}
		{2EC148CD-7C11-4C39-891F-82B836EFE18A} = {55B83F54-1620-4C52-A5DA-38F3BD129377}
		{C8B5F30B-4407-475B-84B4-DFAA942BF887} = {55B83F54-1620-4C52-A5DA-38F3BD129377}
		{677D140A-C1A5-4E9B-9DF3-90B11064FA21} = {55B83F54-1620-4C52-A5DA-38F3BD129377}
		{627DE4AA-8980-4389-B082-EEB4D9F1F8FC} = {85AACF9C-3D16-443D-99B1-DED81A6B50AB}
		{2EF9B62C-D1B2-4B80-993F-4F225B3C0254} = {85AACF9C-3D16-443D-99B1-DED81A6B50AB}
		{4826DE1F-157F-4EFC-BE4C-01C7E231031E} = {85AACF9C-3D16-443D-99B1-DED81A6B50AB}
	EndGlobalSection
	GlobalSection(ExtensibilityGlobals) = postSolution
		SolutionGuid = {867FC103-C97F-4570-B263-2F9E99477275}
	EndGlobalSection
EndGlobal
